
Microsoft Visual Studio Solution File, Format Version 12.00
# Visual Studio Version 16
VisualStudioVersion = 16.0.29503.13
MinimumVisualStudioVersion = 10.0.40219.1
Project("{159641D6-6404-4A2A-AE62-294DE0FE8301}") = "Integration Services Project1", "Integration Services Project1.dtproj", "{7501EBE8-91F8-4C18-B733-183AC2D684F4}"
EndProject
Global
	GlobalSection(SolutionConfigurationPlatforms) = preSolution
		Development|Default = Development|Default
	EndGlobalSection
	GlobalSection(ProjectConfigurationPlatforms) = postSolution
		{7501EBE8-91F8-4C18-B733-183AC2D684F4}.Development|Default.ActiveCfg = Development
		{7501EBE8-91F8-4C18-B733-183AC2D684F4}.Development|Default.Build.0 = Development
	EndGlobalSection
	GlobalSection(SolutionProperties) = preSolution
		HideSolutionNode = FALSE
	EndGlobalSection
	GlobalSection(ExtensibilityGlobals) = postSolution
		SolutionGuid = {850C8D9A-B8AD-4FF7-BF5A-40160BA277B3}
	EndGlobalSection
EndGlobal
